
Microsoft Visual Studio Solution File, Format Version 12.00
# Visual Studio Version 17
VisualStudioVersion = 17.9.34728.123
MinimumVisualStudioVersion = 10.0.40219.1
Project("{FAE04EC0-301F-11D3-BF4B-00C04F79EFBC}") = "WpfCalculator", "WpfCalculator\WpfCalculator.csproj", "{0BEBD74A-5449-4A51-8AEC-81641AC83EF2}"
EndProject
Global
	GlobalSection(SolutionConfigurationPlatforms) = preSolution
		Debug|Any CPU = Debug|Any CPU
		Release|Any CPU = Release|Any CPU
	EndGlobalSection
	GlobalSection(ProjectConfigurationPlatforms) = postSolution
		{0BEBD74A-5449-4A51-8AEC-81641AC83EF2}.Debug|Any CPU.ActiveCfg = Debug|Any CPU
		{0BEBD74A-5449-4A51-8AEC-81641AC83EF2}.Debug|Any CPU.Build.0 = Debug|Any CPU
		{0BEBD74A-5449-4A51-8AEC-81641AC83EF2}.Release|Any CPU.ActiveCfg = Release|Any CPU
		{0BEBD74A-5449-4A51-8AEC-81641AC83EF2}.Release|Any CPU.Build.0 = Release|Any CPU
	EndGlobalSection
	GlobalSection(SolutionProperties) = preSolution
		HideSolutionNode = FALSE
	EndGlobalSection
	GlobalSection(ExtensibilityGlobals) = postSolution
		SolutionGuid = {2834192A-D129-4EAF-8E92-D4D01AD9475C}
	EndGlobalSection
EndGlobal
